
Microsoft Visual Studio Solution File, Format Version 12.00
# Visual Studio 2013
VisualStudioVersion = 12.0.21005.1
MinimumVisualStudioVersion = 10.0.40219.1
Project("{FAE04EC0-301F-11D3-BF4B-00C04F79EFBC}") = "MoviesInventory.Domain", "MoviesInventory.Domain\MoviesInventory.Domain.csproj", "{BE4BE3B0-073D-429A-A671-7B910C6A0D9C}"
EndProject
Project("{FAE04EC0-301F-11D3-BF4B-00C04F79EFBC}") = "MoviesInventory.Web", "MoviesInventory.Web\MoviesInventory.Web.csproj", "{A5FCD25F-ECA3-4E84-95A5-CD8D15D2BF4D}"
EndProject
Project("{FAE04EC0-301F-11D3-BF4B-00C04F79EFBC}") = "MoviesInventory.Tests", "MoviesInventory.Tests\MoviesInventory.Tests.csproj", "{2CE04CBE-97F3-4113-AFCB-BCA003559E43}"
EndProject
Global
	GlobalSection(TeamFoundationVersionControl) = preSolution
		SccNumberOfProjects = 4
		SccEnterpriseProvider = {4CA58AB2-18FA-4F8D-95D4-32DDF27D184C}
		SccTeamFoundationServer = https://ekennon82.visualstudio.com/defaultcollection
		SccLocalPath0 = .
		SccProjectUniqueName1 = MoviesInventory.Domain\\MoviesInventory.Domain.csproj
		SccProjectName1 = MoviesInventory.Domain
		SccLocalPath1 = MoviesInventory.Domain
		SccProjectUniqueName2 = MoviesInventory.Web\\MoviesInventory.Web.csproj
		SccProjectName2 = MoviesInventory.Web
		SccLocalPath2 = MoviesInventory.Web
		SccProjectUniqueName3 = MoviesInventory.Tests\\MoviesInventory.Tests.csproj
		SccProjectName3 = MoviesInventory.Tests
		SccLocalPath3 = MoviesInventory.Tests
	EndGlobalSection
	GlobalSection(SolutionConfigurationPlatforms) = preSolution
		Debug|Any CPU = Debug|Any CPU
		Release|Any CPU = Release|Any CPU
	EndGlobalSection
	GlobalSection(ProjectConfigurationPlatforms) = postSolution
		{BE4BE3B0-073D-429A-A671-7B910C6A0D9C}.Debug|Any CPU.ActiveCfg = Debug|Any CPU
		{BE4BE3B0-073D-429A-A671-7B910C6A0D9C}.Debug|Any CPU.Build.0 = Debug|Any CPU
		{BE4BE3B0-073D-429A-A671-7B910C6A0D9C}.Release|Any CPU.ActiveCfg = Release|Any CPU
		{BE4BE3B0-073D-429A-A671-7B910C6A0D9C}.Release|Any CPU.Build.0 = Release|Any CPU
		{A5FCD25F-ECA3-4E84-95A5-CD8D15D2BF4D}.Debug|Any CPU.ActiveCfg = Debug|Any CPU
		{A5FCD25F-ECA3-4E84-95A5-CD8D15D2BF4D}.Debug|Any CPU.Build.0 = Debug|Any CPU
		{A5FCD25F-ECA3-4E84-95A5-CD8D15D2BF4D}.Release|Any CPU.ActiveCfg = Release|Any CPU
		{A5FCD25F-ECA3-4E84-95A5-CD8D15D2BF4D}.Release|Any CPU.Build.0 = Release|Any CPU
		{2CE04CBE-97F3-4113-AFCB-BCA003559E43}.Debug|Any CPU.ActiveCfg = Debug|Any CPU
		{2CE04CBE-97F3-4113-AFCB-BCA003559E43}.Debug|Any CPU.Build.0 = Debug|Any CPU
		{2CE04CBE-97F3-4113-AFCB-BCA003559E43}.Release|Any CPU.ActiveCfg = Release|Any CPU
		{2CE04CBE-97F3-4113-AFCB-BCA003559E43}.Release|Any CPU.Build.0 = Release|Any CPU
	EndGlobalSection
	GlobalSection(SolutionProperties) = preSolution
		HideSolutionNode = FALSE
	EndGlobalSection
EndGlobal
